// !$*UTF8*$!
{
	archiveVersion = 1;
	classes = {
	};
	objectVersion = 46;
	objects = {

/* Begin PBXBuildFile section */
		DF1C4E821E812EEE006689AE /* AppDelegate.swift in Sources */ = {isa = PBXBuildFile; fileRef = DF1C4E811E812EEE006689AE /* AppDelegate.swift */; };
		DF1C4E871E812EEE006689AE /* Main.storyboard in Resources */ = {isa = PBXBuildFile; fileRef = DF1C4E851E812EEE006689AE /* Main.storyboard */; };
		DF1C4E891E812EEE006689AE /* Assets.xcassets in Resources */ = {isa = PBXBuildFile; fileRef = DF1C4E881E812EEE006689AE /* Assets.xcassets */; };
		DF1C4E8C1E812EEE006689AE /* LaunchScreen.storyboard in Resources */ = {isa = PBXBuildFile; fileRef = DF1C4E8A1E812EEE006689AE /* LaunchScreen.storyboard */; };
		DF1C4E971E812EEE006689AE /* YCMath_SwiftTests.swift in Sources */ = {isa = PBXBuildFile; fileRef = DF1C4E961E812EEE006689AE /* YCMath_SwiftTests.swift */; };
		DF1C4EA21E812EEE006689AE /* YCMath_SwiftUITests.swift in Sources */ = {isa = PBXBuildFile; fileRef = DF1C4EA11E812EEE006689AE /* YCMath_SwiftUITests.swift */; };
		DF4232651E8222F2009FF458 /* Alamofire.framework in Frameworks */ = {isa = PBXBuildFile; fileRef = DF4232641E8222F2009FF458 /* Alamofire.framework */; };
		DF4232671E822301009FF458 /* SwiftyJSON.framework in Frameworks */ = {isa = PBXBuildFile; fileRef = DF4232661E822301009FF458 /* SwiftyJSON.framework */; };
		DF4232701E825861009FF458 /* ViewController.swift in Sources */ = {isa = PBXBuildFile; fileRef = DF42326E1E825861009FF458 /* ViewController.swift */; };
		DF9C42C71E837E5C0042ED0C /* TeacherShowCell.swift in Sources */ = {isa = PBXBuildFile; fileRef = DF9C42C61E837E5C0042ED0C /* TeacherShowCell.swift */; };
		DF9C42C91E837EA60042ED0C /* TeacherShowVC.swift in Sources */ = {isa = PBXBuildFile; fileRef = DF9C42C81E837EA60042ED0C /* TeacherShowVC.swift */; };
		DF9C42CC1E838A820042ED0C /* SDWebImage.framework in Frameworks */ = {isa = PBXBuildFile; fileRef = DF9C42CB1E838A820042ED0C /* SDWebImage.framework */; };
		DF9C42CE1E83C49F0042ED0C /* MoviePlayerVC.swift in Sources */ = {isa = PBXBuildFile; fileRef = DF9C42CD1E83C49F0042ED0C /* MoviePlayerVC.swift */; };
		DF9C74701E84FCDE00F1F26C /* SwiftNotice.swift in Sources */ = {isa = PBXBuildFile; fileRef = DF9C746F1E84FCDE00F1F26C /* SwiftNotice.swift */; };
/* End PBXBuildFile section */

/* Begin PBXContainerItemProxy section */
		DF1C4E931E812EEE006689AE /* PBXContainerItemProxy */ = {
			isa = PBXContainerItemProxy;
			containerPortal = DF1C4E761E812EEE006689AE /* Project object */;
			proxyType = 1;
			remoteGlobalIDString = DF1C4E7D1E812EEE006689AE;
			remoteInfo = "YCMath-Swift";
		};
		DF1C4E9E1E812EEE006689AE /* PBXContainerItemProxy */ = {
			isa = PBXContainerItemProxy;
			containerPortal = DF1C4E761E812EEE006689AE /* Project object */;
			proxyType = 1;
			remoteGlobalIDString = DF1C4E7D1E812EEE006689AE;
			remoteInfo = "YCMath-Swift";
		};
/* End PBXContainerItemProxy section */

/* Begin PBXFileReference section */
		DF1C4E7E1E812EEE006689AE /* YCMath-Swift.app */ = {isa = PBXFileReference; explicitFileType = wrapper.application; includeInIndex = 0; path = "YCMath-Swift.app"; sourceTree = BUILT_PRODUCTS_DIR; };
		DF1C4E811E812EEE006689AE /* AppDelegate.swift */ = {isa = PBXFileReference; lastKnownFileType = sourcecode.swift; path = AppDelegate.swift; sourceTree = "<group>"; };
		DF1C4E861E812EEE006689AE /* Base */ = {isa = PBXFileReference; lastKnownFileType = file.storyboard; name = Base; path = Base.lproj/Main.storyboard; sourceTree = "<group>"; };
		DF1C4E881E812EEE006689AE /* Assets.xcassets */ = {isa = PBXFileReference; lastKnownFileType = folder.assetcatalog; path = Assets.xcassets; sourceTree = "<group>"; };
		DF1C4E8B1E812EEE006689AE /* Base */ = {isa = PBXFileReference; lastKnownFileType = file.storyboard; name = Base; path = Base.lproj/LaunchScreen.storyboard; sourceTree = "<group>"; };
		DF1C4E8D1E812EEE006689AE /* Info.plist */ = {isa = PBXFileReference; lastKnownFileType = text.plist.xml; path = Info.plist; sourceTree = "<group>"; };
		DF1C4E921E812EEE006689AE /* YCMath-SwiftTests.xctest */ = {isa = PBXFileReference; explicitFileType = wrapper.cfbundle; includeInIndex = 0; path = "YCMath-SwiftTests.xctest"; sourceTree = BUILT_PRODUCTS_DIR; };
		DF1C4E961E812EEE006689AE /* YCMath_SwiftTests.swift */ = {isa = PBXFileReference; lastKnownFileType = sourcecode.swift; path = YCMath_SwiftTests.swift; sourceTree = "<group>"; };
		DF1C4E981E812EEE006689AE /* Info.plist */ = {isa = PBXFileReference; lastKnownFileType = text.plist.xml; path = Info.plist; sourceTree = "<group>"; };
		DF1C4E9D1E812EEE006689AE /* YCMath-SwiftUITests.xctest */ = {isa = PBXFileReference; explicitFileType = wrapper.cfbundle; includeInIndex = 0; path = "YCMath-SwiftUITests.xctest"; sourceTree = BUILT_PRODUCTS_DIR; };
		DF1C4EA11E812EEE006689AE /* YCMath_SwiftUITests.swift */ = {isa = PBXFileReference; lastKnownFileType = sourcecode.swift; path = YCMath_SwiftUITests.swift; sourceTree = "<group>"; };
		DF1C4EA31E812EEE006689AE /* Info.plist */ = {isa = PBXFileReference; lastKnownFileType = text.plist.xml; path = Info.plist; sourceTree = "<group>"; };
		DF4232641E8222F2009FF458 /* Alamofire.framework */ = {isa = PBXFileReference; lastKnownFileType = wrapper.framework; name = Alamofire.framework; path = Carthage/Build/iOS/Alamofire.framework; sourceTree = "<group>"; };
		DF4232661E822301009FF458 /* SwiftyJSON.framework */ = {isa = PBXFileReference; lastKnownFileType = wrapper.framework; name = SwiftyJSON.framework; path = Carthage/Build/iOS/SwiftyJSON.framework; sourceTree = "<group>"; };
		DF42326E1E825861009FF458 /* ViewController.swift */ = {isa = PBXFileReference; fileEncoding = 4; lastKnownFileType = sourcecode.swift; path = ViewController.swift; sourceTree = "<group>"; };
		DF9C42C61E837E5C0042ED0C /* TeacherShowCell.swift */ = {isa = PBXFileReference; fileEncoding = 4; lastKnownFileType = sourcecode.swift; path = TeacherShowCell.swift; sourceTree = "<group>"; };
		DF9C42C81E837EA60042ED0C /* TeacherShowVC.swift */ = {isa = PBXFileReference; fileEncoding = 4; lastKnownFileType = sourcecode.swift; path = TeacherShowVC.swift; sourceTree = "<group>"; };
		DF9C42CB1E838A820042ED0C /* SDWebImage.framework */ = {isa = PBXFileReference; lastKnownFileType = wrapper.framework; name = SDWebImage.framework; path = Carthage/Build/iOS/SDWebImage.framework; sourceTree = "<group>"; };
		DF9C42CD1E83C49F0042ED0C /* MoviePlayerVC.swift */ = {isa = PBXFileReference; fileEncoding = 4; lastKnownFileType = sourcecode.swift; path = MoviePlayerVC.swift; sourceTree = "<group>"; };
		DF9C746F1E84FCDE00F1F26C /* SwiftNotice.swift */ = {isa = PBXFileReference; fileEncoding = 4; lastKnownFileType = sourcecode.swift; path = SwiftNotice.swift; sourceTree = "<group>"; };
/* End PBXFileReference section */

/* Begin PBXFrameworksBuildPhase section */
		DF1C4E7B1E812EEE006689AE /* Frameworks */ = {
			isa = PBXFrameworksBuildPhase;
			buildActionMask = 2147483647;
			files = (
				DF9C42CC1E838A820042ED0C /* SDWebImage.framework in Frameworks */,
				DF4232671E822301009FF458 /* SwiftyJSON.framework in Frameworks */,
				DF4232651E8222F2009FF458 /* Alamofire.framework in Frameworks */,
			);
			runOnlyForDeploymentPostprocessing = 0;
		};
		DF1C4E8F1E812EEE006689AE /* Frameworks */ = {
			isa = PBXFrameworksBuildPhase;
			buildActionMask = 2147483647;
			files = (
			);
			runOnlyForDeploymentPostprocessing = 0;
		};
		DF1C4E9A1E812EEE006689AE /* Frameworks */ = {
			isa = PBXFrameworksBuildPhase;
			buildActionMask = 2147483647;
			files = (
			);
			runOnlyForDeploymentPostprocessing = 0;
		};
/* End PBXFrameworksBuildPhase section */

/* Begin PBXGroup section */
		DF1C4E751E812EEE006689AE = {
			isa = PBXGroup;
			children = (
				DF1C4E801E812EEE006689AE /* YCMath-Swift */,
				DF1C4E951E812EEE006689AE /* YCMath-SwiftTests */,
				DF1C4EA01E812EEE006689AE /* YCMath-SwiftUITests */,
				DF1C4E7F1E812EEE006689AE /* Products */,
				DF4232631E8222F1009FF458 /* Frameworks */,
			);
			sourceTree = "<group>";
		};
		DF1C4E7F1E812EEE006689AE /* Products */ = {
			isa = PBXGroup;
			children = (
				DF1C4E7E1E812EEE006689AE /* YCMath-Swift.app */,
				DF1C4E921E812EEE006689AE /* YCMath-SwiftTests.xctest */,
				DF1C4E9D1E812EEE006689AE /* YCMath-SwiftUITests.xctest */,
			);
			name = Products;
			sourceTree = "<group>";
		};
		DF1C4E801E812EEE006689AE /* YCMath-Swift */ = {
			isa = PBXGroup;
			children = (
				DF9C746C1E84FB9400F1F26C /* Classes */,
				DF9C42C51E837E250042ED0C /* Views */,
				DF42326C1E825861009FF458 /* ViewController */,
				DF1C4E811E812EEE006689AE /* AppDelegate.swift */,
				DF1C4E851E812EEE006689AE /* Main.storyboard */,
				DF1C4E881E812EEE006689AE /* Assets.xcassets */,
				DF1C4E8A1E812EEE006689AE /* LaunchScreen.storyboard */,
				DF1C4E8D1E812EEE006689AE /* Info.plist */,
			);
			path = "YCMath-Swift";
			sourceTree = "<group>";
		};
		DF1C4E951E812EEE006689AE /* YCMath-SwiftTests */ = {
			isa = PBXGroup;
			children = (
				DF1C4E961E812EEE006689AE /* YCMath_SwiftTests.swift */,
				DF1C4E981E812EEE006689AE /* Info.plist */,
			);
			path = "YCMath-SwiftTests";
			sourceTree = "<group>";
		};
		DF1C4EA01E812EEE006689AE /* YCMath-SwiftUITests */ = {
			isa = PBXGroup;
			children = (
				DF1C4EA11E812EEE006689AE /* YCMath_SwiftUITests.swift */,
				DF1C4EA31E812EEE006689AE /* Info.plist */,
			);
			path = "YCMath-SwiftUITests";
			sourceTree = "<group>";
		};
		DF4232631E8222F1009FF458 /* Frameworks */ = {
			isa = PBXGroup;
			children = (
				DF9C42CB1E838A820042ED0C /* SDWebImage.framework */,
				DF4232661E822301009FF458 /* SwiftyJSON.framework */,
				DF4232641E8222F2009FF458 /* Alamofire.framework */,
			);
			name = Frameworks;
			sourceTree = "<group>";
		};
		DF42326C1E825861009FF458 /* ViewController */ = {
			isa = PBXGroup;
			children = (
				DF42326E1E825861009FF458 /* ViewController.swift */,
				DF9C42C81E837EA60042ED0C /* TeacherShowVC.swift */,
				DF9C42CD1E83C49F0042ED0C /* MoviePlayerVC.swift */,
			);
			path = ViewController;
			sourceTree = "<group>";
		};
		DF9C42C51E837E250042ED0C /* Views */ = {
			isa = PBXGroup;
			children = (
				DF9C42C61E837E5C0042ED0C /* TeacherShowCell.swift */,
			);
			path = Views;
			sourceTree = "<group>";
		};
		DF9C746C1E84FB9400F1F26C /* Classes */ = {
			isa = PBXGroup;
			children = (
				DF9C746F1E84FCDE00F1F26C /* SwiftNotice.swift */,
			);
			path = Classes;
			sourceTree = "<group>";
		};
/* End PBXGroup section */

/* Begin PBXNativeTarget section */
		DF1C4E7D1E812EEE006689AE /* YCMath-Swift */ = {
			isa = PBXNativeTarget;
			buildConfigurationList = DF1C4EA61E812EEE006689AE /* Build configuration list for PBXNativeTarget "YCMath-Swift" */;
			buildPhases = (
				DF1C4E7A1E812EEE006689AE /* Sources */,
				DF1C4E7B1E812EEE006689AE /* Frameworks */,
				DF1C4E7C1E812EEE006689AE /* Resources */,
				DF4232681E822378009FF458 /* ShellScript */,
			);
			buildRules = (
			);
			dependencies = (
			);
			name = "YCMath-Swift";
			productName = "YCMath-Swift";
			productReference = DF1C4E7E1E812EEE006689AE /* YCMath-Swift.app */;
			productType = "com.apple.product-type.application";
		};
		DF1C4E911E812EEE006689AE /* YCMath-SwiftTests */ = {
			isa = PBXNativeTarget;
			buildConfigurationList = DF1C4EA91E812EEE006689AE /* Build configuration list for PBXNativeTarget "YCMath-SwiftTests" */;
			buildPhases = (
				DF1C4E8E1E812EEE006689AE /* Sources */,
				DF1C4E8F1E812EEE006689AE /* Frameworks */,
				DF1C4E901E812EEE006689AE /* Resources */,
			);
			buildRules = (
			);
			dependencies = (
				DF1C4E941E812EEE006689AE /* PBXTargetDependency */,
			);
			name = "YCMath-SwiftTests";
			productName = "YCMath-SwiftTests";
			productReference = DF1C4E921E812EEE006689AE /* YCMath-SwiftTests.xctest */;
			productType = "com.apple.product-type.bundle.unit-test";
		};
		DF1C4E9C1E812EEE006689AE /* YCMath-SwiftUITests */ = {
			isa = PBXNativeTarget;
			buildConfigurationList = DF1C4EAC1E812EEE006689AE /* Build configuration list for PBXNativeTarget "YCMath-SwiftUITests" */;
			buildPhases = (
				DF1C4E991E812EEE006689AE /* Sources */,
				DF1C4E9A1E812EEE006689AE /* Frameworks */,
				DF1C4E9B1E812EEE006689AE /* Resources */,
			);
			buildRules = (
			);
			dependencies = (
				DF1C4E9F1E812EEE006689AE /* PBXTargetDependency */,
			);
			name = "YCMath-SwiftUITests";
			productName = "YCMath-SwiftUITests";
			productReference = DF1C4E9D1E812EEE006689AE /* YCMath-SwiftUITests.xctest */;
			productType = "com.apple.product-type.bundle.ui-testing";
		};
/* End PBXNativeTarget section */

/* Begin PBXProject section */
		DF1C4E761E812EEE006689AE /* Project object */ = {
			isa = PBXProject;
			attributes = {
				LastSwiftUpdateCheck = 0820;
				LastUpgradeCheck = 0820;
				ORGANIZATIONNAME = lucien;
				TargetAttributes = {
					DF1C4E7D1E812EEE006689AE = {
						CreatedOnToolsVersion = 8.2;
						DevelopmentTeam = 278RRPRN7B;
						ProvisioningStyle = Automatic;
					};
					DF1C4E911E812EEE006689AE = {
						CreatedOnToolsVersion = 8.2;
						DevelopmentTeam = 278RRPRN7B;
						ProvisioningStyle = Automatic;
						TestTargetID = DF1C4E7D1E812EEE006689AE;
					};
					DF1C4E9C1E812EEE006689AE = {
						CreatedOnToolsVersion = 8.2;
						DevelopmentTeam = 278RRPRN7B;
						ProvisioningStyle = Automatic;
						TestTargetID = DF1C4E7D1E812EEE006689AE;
					};
				};
			};
			buildConfigurationList = DF1C4E791E812EEE006689AE /* Build configuration list for PBXProject "YCMath-Swift" */;
			compatibilityVersion = "Xcode 3.2";
			developmentRegion = English;
			hasScannedForEncodings = 0;
			knownRegions = (
				en,
				Base,
			);
			mainGroup = DF1C4E751E812EEE006689AE;
			productRefGroup = DF1C4E7F1E812EEE006689AE /* Products */;
			projectDirPath = "";
			projectRoot = "";
			targets = (
				DF1C4E7D1E812EEE006689AE /* YCMath-Swift */,
				DF1C4E911E812EEE006689AE /* YCMath-SwiftTests */,
				DF1C4E9C1E812EEE006689AE /* YCMath-SwiftUITests */,
			);
		};
/* End PBXProject section */

/* Begin PBXResourcesBuildPhase section */
		DF1C4E7C1E812EEE006689AE /* Resources */ = {
			isa = PBXResourcesBuildPhase;
			buildActionMask = 2147483647;
			files = (
				DF1C4E8C1E812EEE006689AE /* LaunchScreen.storyboard in Resources */,
				DF1C4E891E812EEE006689AE /* Assets.xcassets in Resources */,
				DF1C4E871E812EEE006689AE /* Main.storyboard in Resources */,
			);
			runOnlyForDeploymentPostprocessing = 0;
		};
		DF1C4E901E812EEE006689AE /* Resources */ = {
			isa = PBXResourcesBuildPhase;
			buildActionMask = 2147483647;
			files = (
			);
			runOnlyForDeploymentPostprocessing = 0;
		};
		DF1C4E9B1E812EEE006689AE /* Resources */ = {
			isa = PBXResourcesBuildPhase;
			buildActionMask = 2147483647;
			files = (
			);
			runOnlyForDeploymentPostprocessing = 0;
		};
/* End PBXResourcesBuildPhase section */

/* Begin PBXShellScriptBuildPhase section */
		DF4232681E822378009FF458 /* ShellScript */ = {
			isa = PBXShellScriptBuildPhase;
			buildActionMask = 2147483647;
			files = (
			);
			inputPaths = (
				"$(SRCROOT)/Carthage/Build/iOS/Alamofire.framework",
				"$(SRCROOT)/Carthage/Build/iOS/SwiftyJSON.framework",
				"$(SRCROOT)/Carthage/Build/iOS/SDWebImage.framework",
			);
			outputPaths = (
			);
			runOnlyForDeploymentPostprocessing = 0;
			shellPath = /bin/sh;
			shellScript = "/usr/local/bin/carthage copy-frameworks";
		};
/* End PBXShellScriptBuildPhase section */

/* Begin PBXSourcesBuildPhase section */
		DF1C4E7A1E812EEE006689AE /* Sources */ = {
			isa = PBXSourcesBuildPhase;
			buildActionMask = 2147483647;
			files = (
				DF9C42C91E837EA60042ED0C /* TeacherShowVC.swift in Sources */,
				DF4232701E825861009FF458 /* ViewController.swift in Sources */,
				DF9C42CE1E83C49F0042ED0C /* MoviePlayerVC.swift in Sources */,
				DF9C74701E84FCDE00F1F26C /* SwiftNotice.swift in Sources */,
				DF9C42C71E837E5C0042ED0C /* TeacherShowCell.swift in Sources */,
				DF1C4E821E812EEE006689AE /* AppDelegate.swift in Sources */,
			);
			runOnlyForDeploymentPostprocessing = 0;
		};
		DF1C4E8E1E812EEE006689AE /* Sources */ = {
			isa = PBXSourcesBuildPhase;
			buildActionMask = 2147483647;
			files = (
				DF1C4E971E812EEE006689AE /* YCMath_SwiftTests.swift in Sources */,
			);
			runOnlyForDeploymentPostprocessing = 0;
		};
		DF1C4E991E812EEE006689AE /* Sources */ = {
			isa = PBXSourcesBuildPhase;
			buildActionMask = 2147483647;
			files = (
				DF1C4EA21E812EEE006689AE /* YCMath_SwiftUITests.swift in Sources */,
			);
			runOnlyForDeploymentPostprocessing = 0;
		};
/* End PBXSourcesBuildPhase section */

/* Begin PBXTargetDependency section */
		DF1C4E941E812EEE006689AE /* PBXTargetDependency */ = {
			isa = PBXTargetDependency;
			target = DF1C4E7D1E812EEE006689AE /* YCMath-Swift */;
			targetProxy = DF1C4E931E812EEE006689AE /* PBXContainerItemProxy */;
		};
		DF1C4E9F1E812EEE006689AE /* PBXTargetDependency */ = {
			isa = PBXTargetDependency;
			target = DF1C4E7D1E812EEE006689AE /* YCMath-Swift */;
			targetProxy = DF1C4E9E1E812EEE006689AE /* PBXContainerItemProxy */;
		};
/* End PBXTargetDependency section */

/* Begin PBXVariantGroup section */
		DF1C4E851E812EEE006689AE /* Main.storyboard */ = {
			isa = PBXVariantGroup;
			children = (
				DF1C4E861E812EEE006689AE /* Base */,
			);
			name = Main.storyboard;
			sourceTree = "<group>";
		};
		DF1C4E8A1E812EEE006689AE /* LaunchScreen.storyboard */ = {
			isa = PBXVariantGroup;
			children = (
				DF1C4E8B1E812EEE006689AE /* Base */,
			);
			name = LaunchScreen.storyboard;
			sourceTree = "<group>";
		};
/* End PBXVariantGroup section */

/* Begin XCBuildConfiguration section */
		DF1C4EA41E812EEE006689AE /* Debug */ = {
			isa = XCBuildConfiguration;
			buildSettings = {
				ALWAYS_SEARCH_USER_PATHS = NO;
				CLANG_ANALYZER_NONNULL = YES;
				CLANG_CXX_LANGUAGE_STANDARD = "gnu++0x";
				CLANG_CXX_LIBRARY = "libc++";
				CLANG_ENABLE_MODULES = YES;
				CLANG_ENABLE_OBJC_ARC = YES;
				CLANG_WARN_BOOL_CONVERSION = YES;
				CLANG_WARN_CONSTANT_CONVERSION = YES;
				CLANG_WARN_DIRECT_OBJC_ISA_USAGE = YES_ERROR;
				CLANG_WARN_DOCUMENTATION_COMMENTS = YES;
				CLANG_WARN_EMPTY_BODY = YES;
				CLANG_WARN_ENUM_CONVERSION = YES;
				CLANG_WARN_INFINITE_RECURSION = YES;
				CLANG_WARN_INT_CONVERSION = YES;
				CLANG_WARN_OBJC_ROOT_CLASS = YES_ERROR;
				CLANG_WARN_SUSPICIOUS_MOVE = YES;
				CLANG_WARN_UNREACHABLE_CODE = YES;
				CLANG_WARN__DUPLICATE_METHOD_MATCH = YES;
				"CODE_SIGN_IDENTITY[sdk=iphoneos*]" = "iPhone Developer";
				COPY_PHASE_STRIP = NO;
				DEBUG_INFORMATION_FORMAT = dwarf;
				ENABLE_STRICT_OBJC_MSGSEND = YES;
				ENABLE_TESTABILITY = YES;
				GCC_C_LANGUAGE_STANDARD = gnu99;
				GCC_DYNAMIC_NO_PIC = NO;
				GCC_NO_COMMON_BLOCKS = YES;
				GCC_OPTIMIZATION_LEVEL = 0;
				GCC_PREPROCESSOR_DEFINITIONS = (
					"DEBUG=1",
					"$(inherited)",
				);
				GCC_WARN_64_TO_32_BIT_CONVERSION = YES;
				GCC_WARN_ABOUT_RETURN_TYPE = YES_ERROR;
				GCC_WARN_UNDECLARED_SELECTOR = YES;
				GCC_WARN_UNINITIALIZED_AUTOS = YES_AGGRESSIVE;
				GCC_WARN_UNUSED_FUNCTION = YES;
				GCC_WARN_UNUSED_VARIABLE = YES;
				IPHONEOS_DEPLOYMENT_TARGET = 10.2;
				MTL_ENABLE_DEBUG_INFO = YES;
				ONLY_ACTIVE_ARCH = YES;
				SDKROOT = iphoneos;
				SWIFT_ACTIVE_COMPILATION_CONDITIONS = DEBUG;
				SWIFT_OPTIMIZATION_LEVEL = "-Onone";
				TARGETED_DEVICE_FAMILY = "1,2";
			};
			name = Debug;
		};
		DF1C4EA51E812EEE006689AE /* Release */ = {
			isa = XCBuildConfiguration;
			buildSettings = {
				ALWAYS_SEARCH_USER_PATHS = NO;
				CLANG_ANALYZER_NONNULL = YES;
				CLANG_CXX_LANGUAGE_STANDARD = "gnu++0x";
				CLANG_CXX_LIBRARY = "libc++";
				CLANG_ENABLE_MODULES = YES;
				CLANG_ENABLE_OBJC_ARC = YES;
				CLANG_WARN_BOOL_CONVERSION = YES;
				CLANG_WARN_CONSTANT_CONVERSION = YES;
				CLANG_WARN_DIRECT_OBJC_ISA_USAGE = YES_ERROR;
				CLANG_WARN_DOCUMENTATION_COMMENTS = YES;
				CLANG_WARN_EMPTY_BODY = YES;
				CLANG_WARN_ENUM_CONVERSION = YES;
				CLANG_WARN_INFINITE_RECURSION = YES;
				CLANG_WARN_INT_CONVERSION = YES;
				CLANG_WARN_OBJC_ROOT_CLASS = YES_ERROR;
				CLANG_WARN_SUSPICIOUS_MOVE = YES;
				CLANG_WARN_UNREACHABLE_CODE = YES;
				CLANG_WARN__DUPLICATE_METHOD_MATCH = YES;
				"CODE_SIGN_IDENTITY[sdk=iphoneos*]" = "iPhone Developer";
				COPY_PHASE_STRIP = NO;
				DEBUG_INFORMATION_FORMAT = "dwarf-with-dsym";
				ENABLE_NS_ASSERTIONS = NO;
				ENABLE_STRICT_OBJC_MSGSEND = YES;
				GCC_C_LANGUAGE_STANDARD = gnu99;
				GCC_NO_COMMON_BLOCKS = YES;
				GCC_WARN_64_TO_32_BIT_CONVERSION = YES;
				GCC_WARN_ABOUT_RETURN_TYPE = YES_ERROR;
				GCC_WARN_UNDECLARED_SELECTOR = YES;
				GCC_WARN_UNINITIALIZED_AUTOS = YES_AGGRESSIVE;
				GCC_WARN_UNUSED_FUNCTION = YES;
				GCC_WARN_UNUSED_VARIABLE = YES;
				IPHONEOS_DEPLOYMENT_TARGET = 10.2;
				MTL_ENABLE_DEBUG_INFO = NO;
				SDKROOT = iphoneos;
				SWIFT_OPTIMIZATION_LEVEL = "-Owholemodule";
				TARGETED_DEVICE_FAMILY = "1,2";
				VALIDATE_PRODUCT = YES;
			};
			name = Release;
		};
		DF1C4EA71E812EEE006689AE /* Debug */ = {
			isa = XCBuildConfiguration;
			buildSettings = {
				ASSETCATALOG_COMPILER_APPICON_NAME = AppIcon;
				DEVELOPMENT_TEAM = 278RRPRN7B;
				FRAMEWORK_SEARCH_PATHS = (
					"$(inherited)",
					"$(PROJECT_DIR)/Carthage/Build/iOS",
				);
				INFOPLIST_FILE = "YCMath-Swift/Info.plist";
				LD_RUNPATH_SEARCH_PATHS = "$(inherited) @executable_path/Frameworks";
				PRODUCT_BUNDLE_IDENTIFIER = "com.gaunghe.YCMath-Swift";
				PRODUCT_NAME = "$(TARGET_NAME)";
				SWIFT_VERSION = 3.0;
			};
			name = Debug;
		};
		DF1C4EA81E812EEE006689AE /* Release */ = {
			isa = XCBuildConfiguration;
			buildSettings = {
				ASSETCATALOG_COMPILER_APPICON_NAME = AppIcon;
				DEVELOPMENT_TEAM = 278RRPRN7B;
				FRAMEWORK_SEARCH_PATHS = (
					"$(inherited)",
					"$(PROJECT_DIR)/Carthage/Build/iOS",
				);
				INFOPLIST_FILE = "YCMath-Swift/Info.plist";
				LD_RUNPATH_SEARCH_PATHS = "$(inherited) @executable_path/Frameworks";
				PRODUCT_BUNDLE_IDENTIFIER = "com.gaunghe.YCMath-Swift";
				PRODUCT_NAME = "$(TARGET_NAME)";
				SWIFT_VERSION = 3.0;
			};
			name = Release;
		};
		DF1C4EAA1E812EEE006689AE /* Debug */ = {
			isa = XCBuildConfiguration;
			buildSettings = {
				ALWAYS_EMBED_SWIFT_STANDARD_LIBRARIES = YES;
				BUNDLE_LOADER = "$(TEST_HOST)";
				DEVELOPMENT_TEAM = 278RRPRN7B;
				INFOPLIST_FILE = "YCMath-SwiftTests/Info.plist";
				LD_RUNPATH_SEARCH_PATHS = "$(inherited) @executable_path/Frameworks @loader_path/Frameworks";
				PRODUCT_BUNDLE_IDENTIFIER = "com.gaunghe.YCMath-SwiftTests";
				PRODUCT_NAME = "$(TARGET_NAME)";
				SWIFT_VERSION = 3.0;
				TEST_HOST = "$(BUILT_PRODUCTS_DIR)/YCMath-Swift.app/YCMath-Swift";
			};
			name = Debug;
		};
		DF1C4EAB1E812EEE006689AE /* Release */ = {
			isa = XCBuildConfiguration;
			buildSettings = {
				ALWAYS_EMBED_SWIFT_STANDARD_LIBRARIES = YES;
				BUNDLE_LOADER = "$(TEST_HOST)";
				DEVELOPMENT_TEAM = 278RRPRN7B;
				INFOPLIST_FILE = "YCMath-SwiftTests/Info.plist";
				LD_RUNPATH_SEARCH_PATHS = "$(inherited) @executable_path/Frameworks @loader_path/Frameworks";
				PRODUCT_BUNDLE_IDENTIFIER = "com.gaunghe.YCMath-SwiftTests";
				PRODUCT_NAME = "$(TARGET_NAME)";
				SWIFT_VERSION = 3.0;
				TEST_HOST = "$(BUILT_PRODUCTS_DIR)/YCMath-Swift.app/YCMath-Swift";
			};
			name = Release;
		};
		DF1C4EAD1E812EEE006689AE /* Debug */ = {
			isa = XCBuildConfiguration;
			buildSettings = {
				ALWAYS_EMBED_SWIFT_STANDARD_LIBRARIES = YES;
				DEVELOPMENT_TEAM = 278RRPRN7B;
				INFOPLIST_FILE = "YCMath-SwiftUITests/Info.plist";
				LD_RUNPATH_SEARCH_PATHS = "$(inherited) @executable_path/Frameworks @loader_path/Frameworks";
				PRODUCT_BUNDLE_IDENTIFIER = "com.gaunghe.YCMath-SwiftUITests";
				PRODUCT_NAME = "$(TARGET_NAME)";
				SWIFT_VERSION = 3.0;
				TEST_TARGET_NAME = "YCMath-Swift";
			};
			name = Debug;
		};
		DF1C4EAE1E812EEE006689AE /* Release */ = {
			isa = XCBuildConfiguration;
			buildSettings = {
				ALWAYS_EMBED_SWIFT_STANDARD_LIBRARIES = YES;
				DEVELOPMENT_TEAM = 278RRPRN7B;
				INFOPLIST_FILE = "YCMath-SwiftUITests/Info.plist";
				LD_RUNPATH_SEARCH_PATHS = "$(inherited) @executable_path/Frameworks @loader_path/Frameworks";
				PRODUCT_BUNDLE_IDENTIFIER = "com.gaunghe.YCMath-SwiftUITests";
				PRODUCT_NAME = "$(TARGET_NAME)";
				SWIFT_VERSION = 3.0;
				TEST_TARGET_NAME = "YCMath-Swift";
			};
			name = Release;
		};
/* End XCBuildConfiguration section */

/* Begin XCConfigurationList section */
		DF1C4E791E812EEE006689AE /* Build configuration list for PBXProject "YCMath-Swift" */ = {
			isa = XCConfigurationList;
			buildConfigurations = (
				DF1C4EA41E812EEE006689AE /* Debug */,
				DF1C4EA51E812EEE006689AE /* Release */,
			);
			defaultConfigurationIsVisible = 0;
			defaultConfigurationName = Release;
		};
		DF1C4EA61E812EEE006689AE /* Build configuration list for PBXNativeTarget "YCMath-Swift" */ = {
			isa = XCConfigurationList;
			buildConfigurations = (
				DF1C4EA71E812EEE006689AE /* Debug */,
				DF1C4EA81E812EEE006689AE /* Release */,
			);
			defaultConfigurationIsVisible = 0;
			defaultConfigurationName = Release;
		};
		DF1C4EA91E812EEE006689AE /* Build configuration list for PBXNativeTarget "YCMath-SwiftTests" */ = {
			isa = XCConfigurationList;
			buildConfigurations = (
				DF1C4EAA1E812EEE006689AE /* Debug */,
				DF1C4EAB1E812EEE006689AE /* Release */,
			);
			defaultConfigurationIsVisible = 0;
			defaultConfigurationName = Release;
		};
		DF1C4EAC1E812EEE006689AE /* Build configuration list for PBXNativeTarget "YCMath-SwiftUITests" */ = {
			isa = XCConfigurationList;
			buildConfigurations = (
				DF1C4EAD1E812EEE006689AE /* Debug */,
				DF1C4EAE1E812EEE006689AE /* Release */,
			);
			defaultConfigurationIsVisible = 0;
			defaultConfigurationName = Release;
		};
/* End XCConfigurationList section */
	};
	rootObject = DF1C4E761E812EEE006689AE /* Project object */;
}
